// !$*UTF8*$!
{
	archiveVersion = 1;
	classes = {
	};
	objectVersion = 46;
	objects = {

/* Begin PBXBuildFile section */
		FB16B3571BA7D863009F455F /* loadZest.m in Sources */ = {isa = PBXBuildFile; fileRef = FB16B3561BA7D863009F455F /* loadZest.m */; };
		FB61D7421C3CA27D00FA3C4C /* AppDelegate.m in Sources */ = {isa = PBXBuildFile; fileRef = FB61D7411C3CA27D00FA3C4C /* AppDelegate.m */; };
		FB61D7451C3CA27D00FA3C4C /* main.m in Sources */ = {isa = PBXBuildFile; fileRef = FB61D7441C3CA27D00FA3C4C /* main.m */; };
		FB61D7471C3CA27D00FA3C4C /* Assets.xcassets in Resources */ = {isa = PBXBuildFile; fileRef = FB61D7461C3CA27D00FA3C4C /* Assets.xcassets */; };
		FB61D74A1C3CA27D00FA3C4C /* MainMenu.xib in Resources */ = {isa = PBXBuildFile; fileRef = FB61D7481C3CA27D00FA3C4C /* MainMenu.xib */; };
/* End PBXBuildFile section */

/* Begin PBXFileReference section */
		FB16B34C1BA7D821009F455F /* zestyWin.bundle */ = {isa = PBXFileReference; explicitFileType = wrapper.cfbundle; includeInIndex = 0; path = zestyWin.bundle; sourceTree = BUILT_PRODUCTS_DIR; };
		FB16B34F1BA7D821009F455F /* Info.plist */ = {isa = PBXFileReference; lastKnownFileType = text.plist.xml; path = Info.plist; sourceTree = "<group>"; };
		FB16B3561BA7D863009F455F /* loadZest.m */ = {isa = PBXFileReference; fileEncoding = 4; lastKnownFileType = sourcecode.c.objc; path = loadZest.m; sourceTree = "<group>"; };
		FB61D73E1C3CA27D00FA3C4C /* zestyWin-GUI.app */ = {isa = PBXFileReference; explicitFileType = wrapper.application; includeInIndex = 0; path = "zestyWin-GUI.app"; sourceTree = BUILT_PRODUCTS_DIR; };
		FB61D7401C3CA27D00FA3C4C /* AppDelegate.h */ = {isa = PBXFileReference; lastKnownFileType = sourcecode.c.h; path = AppDelegate.h; sourceTree = "<group>"; };
		FB61D7411C3CA27D00FA3C4C /* AppDelegate.m */ = {isa = PBXFileReference; lastKnownFileType = sourcecode.c.objc; path = AppDelegate.m; sourceTree = "<group>"; };
		FB61D7441C3CA27D00FA3C4C /* main.m */ = {isa = PBXFileReference; lastKnownFileType = sourcecode.c.objc; path = main.m; sourceTree = "<group>"; };
		FB61D7461C3CA27D00FA3C4C /* Assets.xcassets */ = {isa = PBXFileReference; lastKnownFileType = folder.assetcatalog; path = Assets.xcassets; sourceTree = "<group>"; };
		FB61D7491C3CA27D00FA3C4C /* Base */ = {isa = PBXFileReference; lastKnownFileType = file.xib; name = Base; path = Base.lproj/MainMenu.xib; sourceTree = "<group>"; };
		FB61D74B1C3CA27D00FA3C4C /* Info.plist */ = {isa = PBXFileReference; lastKnownFileType = text.plist.xml; path = Info.plist; sourceTree = "<group>"; };
/* End PBXFileReference section */

/* Begin PBXFrameworksBuildPhase section */
		FB16B3491BA7D821009F455F /* Frameworks */ = {
			isa = PBXFrameworksBuildPhase;
			buildActionMask = 2147483647;
			files = (
			);
			runOnlyForDeploymentPostprocessing = 0;
		};
		FB61D73B1C3CA27D00FA3C4C /* Frameworks */ = {
			isa = PBXFrameworksBuildPhase;
			buildActionMask = 2147483647;
			files = (
			);
			runOnlyForDeploymentPostprocessing = 0;
		};
/* End PBXFrameworksBuildPhase section */

/* Begin PBXGroup section */
		FB16B3431BA7D821009F455F = {
			isa = PBXGroup;
			children = (
				FB16B34E1BA7D821009F455F /* zestyWin */,
				FB61D73F1C3CA27D00FA3C4C /* zestyWin-GUI */,
				FB16B34D1BA7D821009F455F /* Products */,
			);
			sourceTree = "<group>";
		};
		FB16B34D1BA7D821009F455F /* Products */ = {
			isa = PBXGroup;
			children = (
				FB16B34C1BA7D821009F455F /* zestyWin.bundle */,
				FB61D73E1C3CA27D00FA3C4C /* zestyWin-GUI.app */,
			);
			name = Products;
			sourceTree = "<group>";
		};
		FB16B34E1BA7D821009F455F /* zestyWin */ = {
			isa = PBXGroup;
			children = (
				FB16B34F1BA7D821009F455F /* Info.plist */,
				FB16B3561BA7D863009F455F /* loadZest.m */,
			);
			path = zestyWin;
			sourceTree = "<group>";
		};
		FB61D73F1C3CA27D00FA3C4C /* zestyWin-GUI */ = {
			isa = PBXGroup;
			children = (
				FB61D7401C3CA27D00FA3C4C /* AppDelegate.h */,
				FB61D7411C3CA27D00FA3C4C /* AppDelegate.m */,
				FB61D7461C3CA27D00FA3C4C /* Assets.xcassets */,
				FB61D7481C3CA27D00FA3C4C /* MainMenu.xib */,
				FB61D74B1C3CA27D00FA3C4C /* Info.plist */,
				FB61D7431C3CA27D00FA3C4C /* Supporting Files */,
			);
			path = "zestyWin-GUI";
			sourceTree = "<group>";
		};
		FB61D7431C3CA27D00FA3C4C /* Supporting Files */ = {
			isa = PBXGroup;
			children = (
				FB61D7441C3CA27D00FA3C4C /* main.m */,
			);
			name = "Supporting Files";
			sourceTree = "<group>";
		};
/* End PBXGroup section */

/* Begin PBXNativeTarget section */
		FB16B34B1BA7D821009F455F /* zestyWin */ = {
			isa = PBXNativeTarget;
			buildConfigurationList = FB16B3521BA7D821009F455F /* Build configuration list for PBXNativeTarget "zestyWin" */;
			buildPhases = (
				FB16B3481BA7D821009F455F /* Sources */,
				FB16B3491BA7D821009F455F /* Frameworks */,
				FB16B34A1BA7D821009F455F /* Resources */,
				FB16B3581BA7D9E4009F455F /* Increment Build Number and Install Bundle */,
			);
			buildRules = (
			);
			dependencies = (
			);
			name = zestyWin;
			productName = zestyWin;
			productReference = FB16B34C1BA7D821009F455F /* zestyWin.bundle */;
			productType = "com.apple.product-type.bundle";
		};
		FB61D73D1C3CA27D00FA3C4C /* zestyWin-GUI */ = {
			isa = PBXNativeTarget;
			buildConfigurationList = FB61D74C1C3CA27D00FA3C4C /* Build configuration list for PBXNativeTarget "zestyWin-GUI" */;
			buildPhases = (
				FB61D73A1C3CA27D00FA3C4C /* Sources */,
				FB61D73B1C3CA27D00FA3C4C /* Frameworks */,
				FB61D73C1C3CA27D00FA3C4C /* Resources */,
				FB4978921CFC154A005A2253 /* ShellScript */,
			);
			buildRules = (
			);
			dependencies = (
			);
			name = "zestyWin-GUI";
			productName = "zestyWin-GUI";
			productReference = FB61D73E1C3CA27D00FA3C4C /* zestyWin-GUI.app */;
			productType = "com.apple.product-type.application";
		};
/* End PBXNativeTarget section */

/* Begin PBXProject section */
		FB16B3441BA7D821009F455F /* Project object */ = {
			isa = PBXProject;
			attributes = {
				LastUpgradeCheck = 0710;
				ORGANIZATIONNAME = "Wolfgang Baird";
				TargetAttributes = {
					FB16B34B1BA7D821009F455F = {
						CreatedOnToolsVersion = 7.1;
					};
					FB61D73D1C3CA27D00FA3C4C = {
						CreatedOnToolsVersion = 7.2;
					};
				};
			};
			buildConfigurationList = FB16B3471BA7D821009F455F /* Build configuration list for PBXProject "zestyWin" */;
			compatibilityVersion = "Xcode 3.2";
			developmentRegion = English;
			hasScannedForEncodings = 0;
			knownRegions = (
				en,
				Base,
			);
			mainGroup = FB16B3431BA7D821009F455F;
			productRefGroup = FB16B34D1BA7D821009F455F /* Products */;
			projectDirPath = "";
			projectRoot = "";
			targets = (
				FB16B34B1BA7D821009F455F /* zestyWin */,
				FB61D73D1C3CA27D00FA3C4C /* zestyWin-GUI */,
			);
		};
/* End PBXProject section */

/* Begin PBXResourcesBuildPhase section */
		FB16B34A1BA7D821009F455F /* Resources */ = {
			isa = PBXResourcesBuildPhase;
			buildActionMask = 2147483647;
			files = (
			);
			runOnlyForDeploymentPostprocessing = 0;
		};
		FB61D73C1C3CA27D00FA3C4C /* Resources */ = {
			isa = PBXResourcesBuildPhase;
			buildActionMask = 2147483647;
			files = (
				FB61D7471C3CA27D00FA3C4C /* Assets.xcassets in Resources */,
				FB61D74A1C3CA27D00FA3C4C /* MainMenu.xib in Resources */,
			);
			runOnlyForDeploymentPostprocessing = 0;
		};
/* End PBXResourcesBuildPhase section */

/* Begin PBXShellScriptBuildPhase section */
		FB16B3581BA7D9E4009F455F /* Increment Build Number and Install Bundle */ = {
			isa = PBXShellScriptBuildPhase;
			buildActionMask = 2147483647;
			files = (
			);
			inputPaths = (
			);
			name = "Increment Build Number and Install Bundle";
			outputPaths = (
			);
			runOnlyForDeploymentPostprocessing = 0;
			shellPath = /bin/sh;
			shellScript = "# @desc Auto-increment the build number every time the project is run.\nVERSIONNUM=$(/usr/libexec/PlistBuddy -c \"Print CFBundleShortVersionString\" \"${PROJECT_DIR}/${INFOPLIST_FILE}\")\nNEWSUBVERSION=`echo $VERSIONNUM | awk -F \".\" '{print $3}'`\nNEWSUBVERSION=$(($NEWSUBVERSION + 1))\nNEWVERSIONSTRING=`echo $VERSIONNUM | awk -F \".\" '{print $1 \".\" $2 \".'$NEWSUBVERSION'\" }'`\n/usr/libexec/PlistBuddy -c \"Set :CFBundleShortVersionString $NEWVERSIONSTRING\" \"${PROJECT_DIR}/${INFOPLIST_FILE}\"\n/usr/libexec/PlistBuddy -c \"Set :CFBundleVersion $NEWVERSIONSTRING\" \"${PROJECT_DIR}/${INFOPLIST_FILE}\"\n\n# @desc Move bundle to SIMBL plugins folder after building\nif [[ \"$WRAPPER_EXTENSION\" == \"bundle\" ]]; then\nif [[ -e /Library/Application\\ Support/SIMBL/Plugins ]]; then\ncp -Rf \"${BUILT_PRODUCTS_DIR}/${EXECUTABLE_NAME}.$WRAPPER_EXTENSION\" /Library/Application\\ Support/SIMBL/Plugins\nfi\nfi\n\nif [[ ! -e \"${SRCROOT}/build\" ]]; then\nmkdir \"${SRCROOT}/build\"\nfi\ncp -Rf \"${BUILT_PRODUCTS_DIR}/${EXECUTABLE_NAME}.$WRAPPER_EXTENSION\" \"${SRCROOT}/build\"\n#zip -r \"${SRCROOT}/build/${EXECUTABLE_NAME}_${NEWVERSIONSTRING}.zip\" \"${SRCROOT}/build/${EXECUTABLE_NAME}.bundle\"\n#/Users/w0lf/bin/trashman \"${SRCROOT}/build/${EXECUTABLE_NAME}.bundle\"";
		};
		FB4978921CFC154A005A2253 /* ShellScript */ = {
			isa = PBXShellScriptBuildPhase;
			buildActionMask = 2147483647;
			files = (
			);
			inputPaths = (
			);
			outputPaths = (
			);
			runOnlyForDeploymentPostprocessing = 0;
			shellPath = /bin/sh;
			shellScript = "# @desc Auto-increment the build number every time the project is run.\nVERSIONNUM=$(/usr/libexec/PlistBuddy -c \"Print CFBundleShortVersionString\" \"${PROJECT_DIR}/${INFOPLIST_FILE}\")\nNEWSUBVERSION=`echo $VERSIONNUM | awk -F \".\" '{print $3}'`\nNEWSUBVERSION=$(($NEWSUBVERSION + 1))\nNEWVERSIONSTRING=`echo $VERSIONNUM | awk -F \".\" '{print $1 \".\" $2 \".'$NEWSUBVERSION'\" }'`\n/usr/libexec/PlistBuddy -c \"Set :CFBundleShortVersionString $NEWVERSIONSTRING\" \"${PROJECT_DIR}/${INFOPLIST_FILE}\"\n/usr/libexec/PlistBuddy -c \"Set :CFBundleVersion $NEWVERSIONSTRING\" \"${PROJECT_DIR}/${INFOPLIST_FILE}\"\n\n# @desc Move bundle to SIMBL plugins folder after building\nif [[ \"$WRAPPER_EXTENSION\" == \"bundle\" ]]; then\nif [[ -e /Library/Application\\ Support/SIMBL/Plugins ]]; then\ncp -Rf \"${BUILT_PRODUCTS_DIR}/${EXECUTABLE_NAME}.$WRAPPER_EXTENSION\" /Library/Application\\ Support/SIMBL/Plugins\nfi\nfi\n\nif [[ ! -e \"${SRCROOT}/build\" ]]; then\nmkdir \"${SRCROOT}/build\"\nfi\ncp -Rf \"${BUILT_PRODUCTS_DIR}/${EXECUTABLE_NAME}.$WRAPPER_EXTENSION\" \"${SRCROOT}/build\"\n#zip -r \"${SRCROOT}/build/${EXECUTABLE_NAME}_${NEWVERSIONSTRING}.zip\" \"${SRCROOT}/build/${EXECUTABLE_NAME}.bundle\"\n#/Users/w0lf/bin/trashman \"${SRCROOT}/build/${EXECUTABLE_NAME}.bundle\"";
		};
/* End PBXShellScriptBuildPhase section */

/* Begin PBXSourcesBuildPhase section */
		FB16B3481BA7D821009F455F /* Sources */ = {
			isa = PBXSourcesBuildPhase;
			buildActionMask = 2147483647;
			files = (
				FB16B3571BA7D863009F455F /* loadZest.m in Sources */,
			);
			runOnlyForDeploymentPostprocessing = 0;
		};
		FB61D73A1C3CA27D00FA3C4C /* Sources */ = {
			isa = PBXSourcesBuildPhase;
			buildActionMask = 2147483647;
			files = (
				FB61D7451C3CA27D00FA3C4C /* main.m in Sources */,
				FB61D7421C3CA27D00FA3C4C /* AppDelegate.m in Sources */,
			);
			runOnlyForDeploymentPostprocessing = 0;
		};
/* End PBXSourcesBuildPhase section */

/* Begin PBXVariantGroup section */
		FB61D7481C3CA27D00FA3C4C /* MainMenu.xib */ = {
			isa = PBXVariantGroup;
			children = (
				FB61D7491C3CA27D00FA3C4C /* Base */,
			);
			name = MainMenu.xib;
			sourceTree = "<group>";
		};
/* End PBXVariantGroup section */

/* Begin XCBuildConfiguration section */
		FB16B3501BA7D821009F455F /* Debug */ = {
			isa = XCBuildConfiguration;
			buildSettings = {
				ALWAYS_SEARCH_USER_PATHS = NO;
				CLANG_CXX_LANGUAGE_STANDARD = "gnu++0x";
				CLANG_CXX_LIBRARY = "libc++";
				CLANG_ENABLE_MODULES = YES;
				CLANG_ENABLE_OBJC_ARC = YES;
				CLANG_WARN_BOOL_CONVERSION = YES;
				CLANG_WARN_CONSTANT_CONVERSION = YES;
				CLANG_WARN_DIRECT_OBJC_ISA_USAGE = YES_ERROR;
				CLANG_WARN_EMPTY_BODY = YES;
				CLANG_WARN_ENUM_CONVERSION = YES;
				CLANG_WARN_INT_CONVERSION = YES;
				CLANG_WARN_OBJC_ROOT_CLASS = YES_ERROR;
				CLANG_WARN_UNREACHABLE_CODE = YES;
				CLANG_WARN__DUPLICATE_METHOD_MATCH = YES;
				CODE_SIGN_IDENTITY = "-";
				COPY_PHASE_STRIP = NO;
				DEBUG_INFORMATION_FORMAT = dwarf;
				ENABLE_STRICT_OBJC_MSGSEND = YES;
				ENABLE_TESTABILITY = YES;
				GCC_C_LANGUAGE_STANDARD = gnu99;
				GCC_DYNAMIC_NO_PIC = NO;
				GCC_NO_COMMON_BLOCKS = YES;
				GCC_OPTIMIZATION_LEVEL = 0;
				GCC_PREPROCESSOR_DEFINITIONS = (
					"DEBUG=1",
					"$(inherited)",
				);
				GCC_WARN_64_TO_32_BIT_CONVERSION = YES;
				GCC_WARN_ABOUT_RETURN_TYPE = YES_ERROR;
				GCC_WARN_UNDECLARED_SELECTOR = YES;
				GCC_WARN_UNINITIALIZED_AUTOS = YES_AGGRESSIVE;
				GCC_WARN_UNUSED_FUNCTION = YES;
				GCC_WARN_UNUSED_VARIABLE = YES;
				MACOSX_DEPLOYMENT_TARGET = 10.10;
				MTL_ENABLE_DEBUG_INFO = YES;
				ONLY_ACTIVE_ARCH = YES;
				SDKROOT = macosx;
			};
			name = Debug;
		};
		FB16B3511BA7D821009F455F /* Release */ = {
			isa = XCBuildConfiguration;
			buildSettings = {
				ALWAYS_SEARCH_USER_PATHS = NO;
				CLANG_CXX_LANGUAGE_STANDARD = "gnu++0x";
				CLANG_CXX_LIBRARY = "libc++";
				CLANG_ENABLE_MODULES = YES;
				CLANG_ENABLE_OBJC_ARC = YES;
				CLANG_WARN_BOOL_CONVERSION = YES;
				CLANG_WARN_CONSTANT_CONVERSION = YES;
				CLANG_WARN_DIRECT_OBJC_ISA_USAGE = YES_ERROR;
				CLANG_WARN_EMPTY_BODY = YES;
				CLANG_WARN_ENUM_CONVERSION = YES;
				CLANG_WARN_INT_CONVERSION = YES;
				CLANG_WARN_OBJC_ROOT_CLASS = YES_ERROR;
				CLANG_WARN_UNREACHABLE_CODE = YES;
				CLANG_WARN__DUPLICATE_METHOD_MATCH = YES;
				CODE_SIGN_IDENTITY = "-";
				COPY_PHASE_STRIP = NO;
				DEBUG_INFORMATION_FORMAT = "dwarf-with-dsym";
				ENABLE_NS_ASSERTIONS = NO;
				ENABLE_STRICT_OBJC_MSGSEND = YES;
				GCC_C_LANGUAGE_STANDARD = gnu99;
				GCC_NO_COMMON_BLOCKS = YES;
				GCC_WARN_64_TO_32_BIT_CONVERSION = YES;
				GCC_WARN_ABOUT_RETURN_TYPE = YES_ERROR;
				GCC_WARN_UNDECLARED_SELECTOR = YES;
				GCC_WARN_UNINITIALIZED_AUTOS = YES_AGGRESSIVE;
				GCC_WARN_UNUSED_FUNCTION = YES;
				GCC_WARN_UNUSED_VARIABLE = YES;
				MACOSX_DEPLOYMENT_TARGET = 10.10;
				MTL_ENABLE_DEBUG_INFO = NO;
				SDKROOT = macosx;
			};
			name = Release;
		};
		FB16B3531BA7D821009F455F /* Debug */ = {
			isa = XCBuildConfiguration;
			buildSettings = {
				COMBINE_HIDPI_IMAGES = YES;
				INFOPLIST_FILE = zestyWin/Info.plist;
				INSTALL_PATH = "$(LOCAL_LIBRARY_DIR)/Bundles";
				PRODUCT_BUNDLE_IDENTIFIER = org.w0lf.zestyWin;
				PRODUCT_NAME = "$(TARGET_NAME)";
				SKIP_INSTALL = YES;
				WRAPPER_EXTENSION = bundle;
			};
			name = Debug;
		};
		FB16B3541BA7D821009F455F /* Release */ = {
			isa = XCBuildConfiguration;
			buildSettings = {
				COMBINE_HIDPI_IMAGES = YES;
				INFOPLIST_FILE = zestyWin/Info.plist;
				INSTALL_PATH = "$(LOCAL_LIBRARY_DIR)/Bundles";
				PRODUCT_BUNDLE_IDENTIFIER = org.w0lf.zestyWin;
				PRODUCT_NAME = "$(TARGET_NAME)";
				SKIP_INSTALL = YES;
				WRAPPER_EXTENSION = bundle;
			};
			name = Release;
		};
		FB61D74D1C3CA27D00FA3C4C /* Debug */ = {
			isa = XCBuildConfiguration;
			buildSettings = {
				ASSETCATALOG_COMPILER_APPICON_NAME = AppIcon;
				COMBINE_HIDPI_IMAGES = YES;
				INFOPLIST_FILE = "zestyWin-GUI/Info.plist";
				LD_RUNPATH_SEARCH_PATHS = "$(inherited) @executable_path/../Frameworks";
				MACOSX_DEPLOYMENT_TARGET = 10.11;
				PRODUCT_BUNDLE_IDENTIFIER = "org.w0lf.zestyWin-GUI";
				PRODUCT_NAME = "$(TARGET_NAME)";
			};
			name = Debug;
		};
		FB61D74E1C3CA27D00FA3C4C /* Release */ = {
			isa = XCBuildConfiguration;
			buildSettings = {
				ASSETCATALOG_COMPILER_APPICON_NAME = AppIcon;
				COMBINE_HIDPI_IMAGES = YES;
				INFOPLIST_FILE = "zestyWin-GUI/Info.plist";
				LD_RUNPATH_SEARCH_PATHS = "$(inherited) @executable_path/../Frameworks";
				MACOSX_DEPLOYMENT_TARGET = 10.11;
				PRODUCT_BUNDLE_IDENTIFIER = "org.w0lf.zestyWin-GUI";
				PRODUCT_NAME = "$(TARGET_NAME)";
			};
			name = Release;
		};
/* End XCBuildConfiguration section */

/* Begin XCConfigurationList section */
		FB16B3471BA7D821009F455F /* Build configuration list for PBXProject "zestyWin" */ = {
			isa = XCConfigurationList;
			buildConfigurations = (
				FB16B3501BA7D821009F455F /* Debug */,
				FB16B3511BA7D821009F455F /* Release */,
			);
			defaultConfigurationIsVisible = 0;
			defaultConfigurationName = Release;
		};
		FB16B3521BA7D821009F455F /* Build configuration list for PBXNativeTarget "zestyWin" */ = {
			isa = XCConfigurationList;
			buildConfigurations = (
				FB16B3531BA7D821009F455F /* Debug */,
				FB16B3541BA7D821009F455F /* Release */,
			);
			defaultConfigurationIsVisible = 0;
			defaultConfigurationName = Release;
		};
		FB61D74C1C3CA27D00FA3C4C /* Build configuration list for PBXNativeTarget "zestyWin-GUI" */ = {
			isa = XCConfigurationList;
			buildConfigurations = (
				FB61D74D1C3CA27D00FA3C4C /* Debug */,
				FB61D74E1C3CA27D00FA3C4C /* Release */,
			);
			defaultConfigurationIsVisible = 0;
			defaultConfigurationName = Release;
		};
/* End XCConfigurationList section */
	};
	rootObject = FB16B3441BA7D821009F455F /* Project object */;
}
